
Microsoft Visual Studio Solution File, Format Version 12.00
# Visual Studio Version 17
VisualStudioVersion = 17.5.002.0
MinimumVisualStudioVersion = 10.0.40219.1
Project("{2150E333-8FDC-42A3-9474-1A3956D46DE8}") = "src", "src", "{42E14CDF-0523-4597-8839-7892E0A14D8F}"
EndProject
Project("{9A19103F-16F7-4668-BE54-9A1E7A4F7556}") = "eCommerceAPI", "src\eCommerceAPI\eCommerceAPI.csproj", "{F19D5E2E-655A-4D70-8DA4-1B03194DC93C}"
EndProject
Global
	GlobalSection(SolutionConfigurationPlatforms) = preSolution
		Debug|Any CPU = Debug|Any CPU
		Release|Any CPU = Release|Any CPU
	EndGlobalSection
	GlobalSection(ProjectConfigurationPlatforms) = postSolution
		{F19D5E2E-655A-4D70-8DA4-1B03194DC93C}.Debug|Any CPU.ActiveCfg = Debug|Any CPU
		{F19D5E2E-655A-4D70-8DA4-1B03194DC93C}.Debug|Any CPU.Build.0 = Debug|Any CPU
		{F19D5E2E-655A-4D70-8DA4-1B03194DC93C}.Release|Any CPU.ActiveCfg = Release|Any CPU
		{F19D5E2E-655A-4D70-8DA4-1B03194DC93C}.Release|Any CPU.Build.0 = Release|Any CPU
	EndGlobalSection
	GlobalSection(SolutionProperties) = preSolution
		HideSolutionNode = FALSE
	EndGlobalSection
	GlobalSection(NestedProjects) = preSolution
		{F19D5E2E-655A-4D70-8DA4-1B03194DC93C} = {42E14CDF-0523-4597-8839-7892E0A14D8F}
	EndGlobalSection
	GlobalSection(ExtensibilityGlobals) = postSolution
		SolutionGuid = {CE050781-D767-47D3-A228-1A404A26A7B7}
	EndGlobalSection
EndGlobal
